
Microsoft Visual Studio Solution File, Format Version 12.00
# Visual Studio Version 17
VisualStudioVersion = 17.5.33502.453
MinimumVisualStudioVersion = 10.0.40219.1
Project("{FAE04EC0-301F-11D3-BF4B-00C04F79EFBC}") = "Koleksiyonlar_Soru_1", "Koleksiyonlar_Soru_1\Koleksiyonlar_Soru_1.csproj", "{739DFDF0-A57D-4EFA-AB26-B3297CBD4A43}"
EndProject
Global
	GlobalSection(SolutionConfigurationPlatforms) = preSolution
		Debug|Any CPU = Debug|Any CPU
		Release|Any CPU = Release|Any CPU
	EndGlobalSection
	GlobalSection(ProjectConfigurationPlatforms) = postSolution
		{739DFDF0-A57D-4EFA-AB26-B3297CBD4A43}.Debug|Any CPU.ActiveCfg = Debug|Any CPU
		{739DFDF0-A57D-4EFA-AB26-B3297CBD4A43}.Debug|Any CPU.Build.0 = Debug|Any CPU
		{739DFDF0-A57D-4EFA-AB26-B3297CBD4A43}.Release|Any CPU.ActiveCfg = Release|Any CPU
		{739DFDF0-A57D-4EFA-AB26-B3297CBD4A43}.Release|Any CPU.Build.0 = Release|Any CPU
	EndGlobalSection
	GlobalSection(SolutionProperties) = preSolution
		HideSolutionNode = FALSE
	EndGlobalSection
	GlobalSection(ExtensibilityGlobals) = postSolution
		SolutionGuid = {A3278A3A-E611-4776-982D-821C9D15DFDC}
	EndGlobalSection
EndGlobal
